
Microsoft Visual Studio Solution File, Format Version 12.00
# Visual Studio Version 17
VisualStudioVersion = 17.3.32825.248
MinimumVisualStudioVersion = 10.0.40219.1
Project("{FAE04EC0-301F-11D3-BF4B-00C04F79EFBC}") = "Hackathon", "Hackathon\Hackathon.csproj", "{711A753C-3A14-4216-BBC6-0DC337246B09}"
EndProject
Global
	GlobalSection(SolutionConfigurationPlatforms) = preSolution
		Debug|Any CPU = Debug|Any CPU
		Release|Any CPU = Release|Any CPU
	EndGlobalSection
	GlobalSection(ProjectConfigurationPlatforms) = postSolution
		{711A753C-3A14-4216-BBC6-0DC337246B09}.Debug|Any CPU.ActiveCfg = Debug|Any CPU
		{711A753C-3A14-4216-BBC6-0DC337246B09}.Debug|Any CPU.Build.0 = Debug|Any CPU
		{711A753C-3A14-4216-BBC6-0DC337246B09}.Release|Any CPU.ActiveCfg = Release|Any CPU
		{711A753C-3A14-4216-BBC6-0DC337246B09}.Release|Any CPU.Build.0 = Release|Any CPU
	EndGlobalSection
	GlobalSection(SolutionProperties) = preSolution
		HideSolutionNode = FALSE
	EndGlobalSection
	GlobalSection(ExtensibilityGlobals) = postSolution
		SolutionGuid = {CBC1EF7E-7FCF-4303-95D0-B87B4363EBF6}
	EndGlobalSection
EndGlobal
